
Microsoft Visual Studio Solution File, Format Version 12.00
# Visual Studio Version 16
VisualStudioVersion = 16.0.33529.622
MinimumVisualStudioVersion = 10.0.40219.1
Project("{FAE04EC0-301F-11D3-BF4B-00C04F79EFBC}") = "vidly", "vidly\vidly.csproj", "{CB6D3D58-8E51-4D9D-BE1C-61AA7387BABB}"
EndProject
Global
	GlobalSection(SolutionConfigurationPlatforms) = preSolution
		Debug|Any CPU = Debug|Any CPU
		Release|Any CPU = Release|Any CPU
	EndGlobalSection
	GlobalSection(ProjectConfigurationPlatforms) = postSolution
		{CB6D3D58-8E51-4D9D-BE1C-61AA7387BABB}.Debug|Any CPU.ActiveCfg = Debug|Any CPU
		{CB6D3D58-8E51-4D9D-BE1C-61AA7387BABB}.Debug|Any CPU.Build.0 = Debug|Any CPU
		{CB6D3D58-8E51-4D9D-BE1C-61AA7387BABB}.Release|Any CPU.ActiveCfg = Release|Any CPU
		{CB6D3D58-8E51-4D9D-BE1C-61AA7387BABB}.Release|Any CPU.Build.0 = Release|Any CPU
	EndGlobalSection
	GlobalSection(SolutionProperties) = preSolution
		HideSolutionNode = FALSE
	EndGlobalSection
	GlobalSection(ExtensibilityGlobals) = postSolution
		SolutionGuid = {0282E229-CCC2-4FC0-8EA8-9C2426108C80}
	EndGlobalSection
EndGlobal
